
Microsoft Visual Studio Solution File, Format Version 12.00
# Visual Studio 15
VisualStudioVersion = 15.0.26124.0
MinimumVisualStudioVersion = 15.0.26124.0
Project("{FAE04EC0-301F-11D3-BF4B-00C04F79EFBC}") = "battleship-api", "battleship-api\battleship-api.csproj", "{48DEFFAD-B03E-426E-9676-9503A02B7C45}"
EndProject
Project("{FAE04EC0-301F-11D3-BF4B-00C04F79EFBC}") = "battleship-logic", "battleship-logic\battleship-logic.csproj", "{FF9E2429-5910-4E2B-B5D4-B2A1CD80B6C5}"
EndProject
Project("{FAE04EC0-301F-11D3-BF4B-00C04F79EFBC}") = "battleship-logic-tests", "battleship-logic-tests\battleship-logic-tests.csproj", "{22FDAF80-45B9-4685-A6CC-3B4A475AB665}"
EndProject
Global
	GlobalSection(SolutionConfigurationPlatforms) = preSolution
		Debug|Any CPU = Debug|Any CPU
		Debug|x64 = Debug|x64
		Debug|x86 = Debug|x86
		Release|Any CPU = Release|Any CPU
		Release|x64 = Release|x64
		Release|x86 = Release|x86
	EndGlobalSection
	GlobalSection(SolutionProperties) = preSolution
		HideSolutionNode = FALSE
	EndGlobalSection
	GlobalSection(ProjectConfigurationPlatforms) = postSolution
		{48DEFFAD-B03E-426E-9676-9503A02B7C45}.Debug|Any CPU.ActiveCfg = Debug|Any CPU
		{48DEFFAD-B03E-426E-9676-9503A02B7C45}.Debug|Any CPU.Build.0 = Debug|Any CPU
		{48DEFFAD-B03E-426E-9676-9503A02B7C45}.Debug|x64.ActiveCfg = Debug|Any CPU
		{48DEFFAD-B03E-426E-9676-9503A02B7C45}.Debug|x64.Build.0 = Debug|Any CPU
		{48DEFFAD-B03E-426E-9676-9503A02B7C45}.Debug|x86.ActiveCfg = Debug|Any CPU
		{48DEFFAD-B03E-426E-9676-9503A02B7C45}.Debug|x86.Build.0 = Debug|Any CPU
		{48DEFFAD-B03E-426E-9676-9503A02B7C45}.Release|Any CPU.ActiveCfg = Release|Any CPU
		{48DEFFAD-B03E-426E-9676-9503A02B7C45}.Release|Any CPU.Build.0 = Release|Any CPU
		{48DEFFAD-B03E-426E-9676-9503A02B7C45}.Release|x64.ActiveCfg = Release|Any CPU
		{48DEFFAD-B03E-426E-9676-9503A02B7C45}.Release|x64.Build.0 = Release|Any CPU
		{48DEFFAD-B03E-426E-9676-9503A02B7C45}.Release|x86.ActiveCfg = Release|Any CPU
		{48DEFFAD-B03E-426E-9676-9503A02B7C45}.Release|x86.Build.0 = Release|Any CPU
		{FF9E2429-5910-4E2B-B5D4-B2A1CD80B6C5}.Debug|Any CPU.ActiveCfg = Debug|Any CPU
		{FF9E2429-5910-4E2B-B5D4-B2A1CD80B6C5}.Debug|Any CPU.Build.0 = Debug|Any CPU
		{FF9E2429-5910-4E2B-B5D4-B2A1CD80B6C5}.Debug|x64.ActiveCfg = Debug|Any CPU
		{FF9E2429-5910-4E2B-B5D4-B2A1CD80B6C5}.Debug|x64.Build.0 = Debug|Any CPU
		{FF9E2429-5910-4E2B-B5D4-B2A1CD80B6C5}.Debug|x86.ActiveCfg = Debug|Any CPU
		{FF9E2429-5910-4E2B-B5D4-B2A1CD80B6C5}.Debug|x86.Build.0 = Debug|Any CPU
		{FF9E2429-5910-4E2B-B5D4-B2A1CD80B6C5}.Release|Any CPU.ActiveCfg = Release|Any CPU
		{FF9E2429-5910-4E2B-B5D4-B2A1CD80B6C5}.Release|Any CPU.Build.0 = Release|Any CPU
		{FF9E2429-5910-4E2B-B5D4-B2A1CD80B6C5}.Release|x64.ActiveCfg = Release|Any CPU
		{FF9E2429-5910-4E2B-B5D4-B2A1CD80B6C5}.Release|x64.Build.0 = Release|Any CPU
		{FF9E2429-5910-4E2B-B5D4-B2A1CD80B6C5}.Release|x86.ActiveCfg = Release|Any CPU
		{FF9E2429-5910-4E2B-B5D4-B2A1CD80B6C5}.Release|x86.Build.0 = Release|Any CPU
		{22FDAF80-45B9-4685-A6CC-3B4A475AB665}.Debug|Any CPU.ActiveCfg = Debug|Any CPU
		{22FDAF80-45B9-4685-A6CC-3B4A475AB665}.Debug|Any CPU.Build.0 = Debug|Any CPU
		{22FDAF80-45B9-4685-A6CC-3B4A475AB665}.Debug|x64.ActiveCfg = Debug|Any CPU
		{22FDAF80-45B9-4685-A6CC-3B4A475AB665}.Debug|x64.Build.0 = Debug|Any CPU
		{22FDAF80-45B9-4685-A6CC-3B4A475AB665}.Debug|x86.ActiveCfg = Debug|Any CPU
		{22FDAF80-45B9-4685-A6CC-3B4A475AB665}.Debug|x86.Build.0 = Debug|Any CPU
		{22FDAF80-45B9-4685-A6CC-3B4A475AB665}.Release|Any CPU.ActiveCfg = Release|Any CPU
		{22FDAF80-45B9-4685-A6CC-3B4A475AB665}.Release|Any CPU.Build.0 = Release|Any CPU
		{22FDAF80-45B9-4685-A6CC-3B4A475AB665}.Release|x64.ActiveCfg = Release|Any CPU
		{22FDAF80-45B9-4685-A6CC-3B4A475AB665}.Release|x64.Build.0 = Release|Any CPU
		{22FDAF80-45B9-4685-A6CC-3B4A475AB665}.Release|x86.ActiveCfg = Release|Any CPU
		{22FDAF80-45B9-4685-A6CC-3B4A475AB665}.Release|x86.Build.0 = Release|Any CPU
	EndGlobalSection
EndGlobal
